// !$*UTF8*$!
{
	archiveVersion = 1;
	classes = {
	};
	objectVersion = 46;
	objects = {

/* Begin PBXBuildFile section */
		0A917AC01C61170E0074E1AD /* DataService.swift in Sources */ = {isa = PBXBuildFile; fileRef = 0A917ABF1C61170E0074E1AD /* DataService.swift */; };
		0AABC8F61C60D89A00443E8E /* AppDelegate.swift in Sources */ = {isa = PBXBuildFile; fileRef = 0AABC8F51C60D89A00443E8E /* AppDelegate.swift */; };
		0AABC8F81C60D89A00443E8E /* ViewController.swift in Sources */ = {isa = PBXBuildFile; fileRef = 0AABC8F71C60D89A00443E8E /* ViewController.swift */; };
		0AABC8FB1C60D89A00443E8E /* Main.storyboard in Resources */ = {isa = PBXBuildFile; fileRef = 0AABC8F91C60D89A00443E8E /* Main.storyboard */; };
		0AABC8FD1C60D89A00443E8E /* Assets.xcassets in Resources */ = {isa = PBXBuildFile; fileRef = 0AABC8FC1C60D89A00443E8E /* Assets.xcassets */; };
		0AABC9001C60D89A00443E8E /* LaunchScreen.storyboard in Resources */ = {isa = PBXBuildFile; fileRef = 0AABC8FE1C60D89A00443E8E /* LaunchScreen.storyboard */; };
		0AABC90F1C60D97900443E8E /* NotoSans-Bold.ttf in Resources */ = {isa = PBXBuildFile; fileRef = 0AABC90B1C60D97900443E8E /* NotoSans-Bold.ttf */; };
		0AABC9101C60D97900443E8E /* NotoSans-BoldItalic.ttf in Resources */ = {isa = PBXBuildFile; fileRef = 0AABC90C1C60D97900443E8E /* NotoSans-BoldItalic.ttf */; };
		0AABC9111C60D97900443E8E /* NotoSans-Italic.ttf in Resources */ = {isa = PBXBuildFile; fileRef = 0AABC90D1C60D97900443E8E /* NotoSans-Italic.ttf */; };
		0AABC9121C60D97900443E8E /* NotoSans-Regular.ttf in Resources */ = {isa = PBXBuildFile; fileRef = 0AABC90E1C60D97900443E8E /* NotoSans-Regular.ttf */; };
		0AABC9141C60E19D00443E8E /* MaterialView.swift in Sources */ = {isa = PBXBuildFile; fileRef = 0AABC9131C60E19D00443E8E /* MaterialView.swift */; };
		0AABC9181C60E24A00443E8E /* Constants.swift in Sources */ = {isa = PBXBuildFile; fileRef = 0AABC9171C60E24A00443E8E /* Constants.swift */; };
		0AABC91A1C60EC7300443E8E /* MaterialButton.swift in Sources */ = {isa = PBXBuildFile; fileRef = 0AABC9191C60EC7300443E8E /* MaterialButton.swift */; };
		0AABC91C1C60F21C00443E8E /* MaterialTextField.swift in Sources */ = {isa = PBXBuildFile; fileRef = 0AABC91B1C60F21C00443E8E /* MaterialTextField.swift */; };
		0AABC9211C60FD6D00443E8E /* Bolts.framework in Frameworks */ = {isa = PBXBuildFile; fileRef = 0AABC91E1C60FD6D00443E8E /* Bolts.framework */; };
		0AABC9221C60FD6D00443E8E /* FBSDKCoreKit.framework in Frameworks */ = {isa = PBXBuildFile; fileRef = 0AABC91F1C60FD6D00443E8E /* FBSDKCoreKit.framework */; };
		0AABC9231C60FD6D00443E8E /* FBSDKLoginKit.framework in Frameworks */ = {isa = PBXBuildFile; fileRef = 0AABC9201C60FD6D00443E8E /* FBSDKLoginKit.framework */; };
		0ACC881E1C613C2000FEBBCD /* FeedVC.swift in Sources */ = {isa = PBXBuildFile; fileRef = 0ACC881D1C613C2000FEBBCD /* FeedVC.swift */; };
		0ACC88201C613D7F00FEBBCD /* PostCell.swift in Sources */ = {isa = PBXBuildFile; fileRef = 0ACC881F1C613D7F00FEBBCD /* PostCell.swift */; };
		CFBA495DCC57C0989722E944 /* Pods_Lesson116_Firebase.framework in Frameworks */ = {isa = PBXBuildFile; fileRef = 6B24C868E672FC6C778498F3 /* Pods_Lesson116_Firebase.framework */; };
/* End PBXBuildFile section */

/* Begin PBXFileReference section */
		0644B1243E2DAD1C2BED92EA /* Pods-Lesson116-Firebase.release.xcconfig */ = {isa = PBXFileReference; includeInIndex = 1; lastKnownFileType = text.xcconfig; name = "Pods-Lesson116-Firebase.release.xcconfig"; path = "Pods/Target Support Files/Pods-Lesson116-Firebase/Pods-Lesson116-Firebase.release.xcconfig"; sourceTree = "<group>"; };
		0A917ABF1C61170E0074E1AD /* DataService.swift */ = {isa = PBXFileReference; fileEncoding = 4; lastKnownFileType = sourcecode.swift; path = DataService.swift; sourceTree = "<group>"; };
		0AABC8F21C60D89A00443E8E /* Lesson116-Firebase.app */ = {isa = PBXFileReference; explicitFileType = wrapper.application; includeInIndex = 0; path = "Lesson116-Firebase.app"; sourceTree = BUILT_PRODUCTS_DIR; };
		0AABC8F51C60D89A00443E8E /* AppDelegate.swift */ = {isa = PBXFileReference; lastKnownFileType = sourcecode.swift; path = AppDelegate.swift; sourceTree = "<group>"; };
		0AABC8F71C60D89A00443E8E /* ViewController.swift */ = {isa = PBXFileReference; lastKnownFileType = sourcecode.swift; path = ViewController.swift; sourceTree = "<group>"; };
		0AABC8FA1C60D89A00443E8E /* Base */ = {isa = PBXFileReference; lastKnownFileType = file.storyboard; name = Base; path = Base.lproj/Main.storyboard; sourceTree = "<group>"; };
		0AABC8FC1C60D89A00443E8E /* Assets.xcassets */ = {isa = PBXFileReference; lastKnownFileType = folder.assetcatalog; path = Assets.xcassets; sourceTree = "<group>"; };
		0AABC8FF1C60D89A00443E8E /* Base */ = {isa = PBXFileReference; lastKnownFileType = file.storyboard; name = Base; path = Base.lproj/LaunchScreen.storyboard; sourceTree = "<group>"; };
		0AABC9011C60D89A00443E8E /* Info.plist */ = {isa = PBXFileReference; lastKnownFileType = text.plist.xml; path = Info.plist; sourceTree = "<group>"; };
		0AABC90B1C60D97900443E8E /* NotoSans-Bold.ttf */ = {isa = PBXFileReference; lastKnownFileType = file; path = "NotoSans-Bold.ttf"; sourceTree = "<group>"; };
		0AABC90C1C60D97900443E8E /* NotoSans-BoldItalic.ttf */ = {isa = PBXFileReference; lastKnownFileType = file; path = "NotoSans-BoldItalic.ttf"; sourceTree = "<group>"; };
		0AABC90D1C60D97900443E8E /* NotoSans-Italic.ttf */ = {isa = PBXFileReference; lastKnownFileType = file; path = "NotoSans-Italic.ttf"; sourceTree = "<group>"; };
		0AABC90E1C60D97900443E8E /* NotoSans-Regular.ttf */ = {isa = PBXFileReference; lastKnownFileType = file; path = "NotoSans-Regular.ttf"; sourceTree = "<group>"; };
		0AABC9131C60E19D00443E8E /* MaterialView.swift */ = {isa = PBXFileReference; fileEncoding = 4; lastKnownFileType = sourcecode.swift; path = MaterialView.swift; sourceTree = "<group>"; };
		0AABC9171C60E24A00443E8E /* Constants.swift */ = {isa = PBXFileReference; fileEncoding = 4; lastKnownFileType = sourcecode.swift; path = Constants.swift; sourceTree = "<group>"; };
		0AABC9191C60EC7300443E8E /* MaterialButton.swift */ = {isa = PBXFileReference; fileEncoding = 4; lastKnownFileType = sourcecode.swift; path = MaterialButton.swift; sourceTree = "<group>"; };
		0AABC91B1C60F21C00443E8E /* MaterialTextField.swift */ = {isa = PBXFileReference; fileEncoding = 4; lastKnownFileType = sourcecode.swift; path = MaterialTextField.swift; sourceTree = "<group>"; };
		0AABC91E1C60FD6D00443E8E /* Bolts.framework */ = {isa = PBXFileReference; lastKnownFileType = wrapper.framework; path = Bolts.framework; sourceTree = "<group>"; };
		0AABC91F1C60FD6D00443E8E /* FBSDKCoreKit.framework */ = {isa = PBXFileReference; lastKnownFileType = wrapper.framework; path = FBSDKCoreKit.framework; sourceTree = "<group>"; };
		0AABC9201C60FD6D00443E8E /* FBSDKLoginKit.framework */ = {isa = PBXFileReference; lastKnownFileType = wrapper.framework; path = FBSDKLoginKit.framework; sourceTree = "<group>"; };
		0ACC881D1C613C2000FEBBCD /* FeedVC.swift */ = {isa = PBXFileReference; fileEncoding = 4; lastKnownFileType = sourcecode.swift; path = FeedVC.swift; sourceTree = "<group>"; };
		0ACC881F1C613D7F00FEBBCD /* PostCell.swift */ = {isa = PBXFileReference; fileEncoding = 4; lastKnownFileType = sourcecode.swift; path = PostCell.swift; sourceTree = "<group>"; };
		21B9F0EAFF28DBC9DAD1F1E0 /* Pods-Lesson116-Firebase.debug.xcconfig */ = {isa = PBXFileReference; includeInIndex = 1; lastKnownFileType = text.xcconfig; name = "Pods-Lesson116-Firebase.debug.xcconfig"; path = "Pods/Target Support Files/Pods-Lesson116-Firebase/Pods-Lesson116-Firebase.debug.xcconfig"; sourceTree = "<group>"; };
		6B24C868E672FC6C778498F3 /* Pods_Lesson116_Firebase.framework */ = {isa = PBXFileReference; explicitFileType = wrapper.framework; includeInIndex = 0; path = Pods_Lesson116_Firebase.framework; sourceTree = BUILT_PRODUCTS_DIR; };
/* End PBXFileReference section */

/* Begin PBXFrameworksBuildPhase section */
		0AABC8EF1C60D89A00443E8E /* Frameworks */ = {
			isa = PBXFrameworksBuildPhase;
			buildActionMask = 2147483647;
			files = (
				0AABC9211C60FD6D00443E8E /* Bolts.framework in Frameworks */,
				0AABC9221C60FD6D00443E8E /* FBSDKCoreKit.framework in Frameworks */,
				0AABC9231C60FD6D00443E8E /* FBSDKLoginKit.framework in Frameworks */,
				CFBA495DCC57C0989722E944 /* Pods_Lesson116_Firebase.framework in Frameworks */,
			);
			runOnlyForDeploymentPostprocessing = 0;
		};
/* End PBXFrameworksBuildPhase section */

/* Begin PBXGroup section */
		0A917ABE1C6116D20074E1AD /* Services */ = {
			isa = PBXGroup;
			children = (
				0A917ABF1C61170E0074E1AD /* DataService.swift */,
			);
			name = Services;
			sourceTree = "<group>";
		};
		0AABC8E91C60D89A00443E8E = {
			isa = PBXGroup;
			children = (
				0AABC8F41C60D89A00443E8E /* Lesson116-Firebase */,
				0AABC8F31C60D89A00443E8E /* Products */,
				3FDB62219056A1FBDDAE0219 /* Pods */,
				44C0CC71CA462D34AC57671D /* Frameworks */,
			);
			sourceTree = "<group>";
		};
		0AABC8F31C60D89A00443E8E /* Products */ = {
			isa = PBXGroup;
			children = (
				0AABC8F21C60D89A00443E8E /* Lesson116-Firebase.app */,
			);
			name = Products;
			sourceTree = "<group>";
		};
		0AABC8F41C60D89A00443E8E /* Lesson116-Firebase */ = {
			isa = PBXGroup;
			children = (
				0A917ABE1C6116D20074E1AD /* Services */,
				0AABC91D1C60FD4B00443E8E /* Frameworks */,
				0AABC9161C60E22800443E8E /* Util */,
				0AABC90A1C60D94800443E8E /* Resources */,
				0AABC9091C60D90600443E8E /* Model */,
				0AABC9081C60D90000443E8E /* View */,
				0AABC9071C60D8F900443E8E /* Controller */,
				0AABC8F51C60D89A00443E8E /* AppDelegate.swift */,
				0AABC8F91C60D89A00443E8E /* Main.storyboard */,
				0AABC8FC1C60D89A00443E8E /* Assets.xcassets */,
				0AABC8FE1C60D89A00443E8E /* LaunchScreen.storyboard */,
				0AABC9011C60D89A00443E8E /* Info.plist */,
			);
			path = "Lesson116-Firebase";
			sourceTree = "<group>";
		};
		0AABC9071C60D8F900443E8E /* Controller */ = {
			isa = PBXGroup;
			children = (
				0AABC8F71C60D89A00443E8E /* ViewController.swift */,
				0ACC881D1C613C2000FEBBCD /* FeedVC.swift */,
			);
			name = Controller;
			sourceTree = "<group>";
		};
		0AABC9081C60D90000443E8E /* View */ = {
			isa = PBXGroup;
			children = (
				0AABC9131C60E19D00443E8E /* MaterialView.swift */,
				0AABC9191C60EC7300443E8E /* MaterialButton.swift */,
				0AABC91B1C60F21C00443E8E /* MaterialTextField.swift */,
				0ACC881F1C613D7F00FEBBCD /* PostCell.swift */,
			);
			name = View;
			sourceTree = "<group>";
		};
		0AABC9091C60D90600443E8E /* Model */ = {
			isa = PBXGroup;
			children = (
			);
			name = Model;
			sourceTree = "<group>";
		};
		0AABC90A1C60D94800443E8E /* Resources */ = {
			isa = PBXGroup;
			children = (
				0AABC90B1C60D97900443E8E /* NotoSans-Bold.ttf */,
				0AABC90C1C60D97900443E8E /* NotoSans-BoldItalic.ttf */,
				0AABC90D1C60D97900443E8E /* NotoSans-Italic.ttf */,
				0AABC90E1C60D97900443E8E /* NotoSans-Regular.ttf */,
			);
			name = Resources;
			sourceTree = "<group>";
		};
		0AABC9161C60E22800443E8E /* Util */ = {
			isa = PBXGroup;
			children = (
				0AABC9171C60E24A00443E8E /* Constants.swift */,
			);
			name = Util;
			sourceTree = "<group>";
		};
		0AABC91D1C60FD4B00443E8E /* Frameworks */ = {
			isa = PBXGroup;
			children = (
				0AABC91E1C60FD6D00443E8E /* Bolts.framework */,
				0AABC91F1C60FD6D00443E8E /* FBSDKCoreKit.framework */,
				0AABC9201C60FD6D00443E8E /* FBSDKLoginKit.framework */,
			);
			name = Frameworks;
			sourceTree = "<group>";
		};
		3FDB62219056A1FBDDAE0219 /* Pods */ = {
			isa = PBXGroup;
			children = (
				21B9F0EAFF28DBC9DAD1F1E0 /* Pods-Lesson116-Firebase.debug.xcconfig */,
				0644B1243E2DAD1C2BED92EA /* Pods-Lesson116-Firebase.release.xcconfig */,
			);
			name = Pods;
			sourceTree = "<group>";
		};
		44C0CC71CA462D34AC57671D /* Frameworks */ = {
			isa = PBXGroup;
			children = (
				6B24C868E672FC6C778498F3 /* Pods_Lesson116_Firebase.framework */,
			);
			name = Frameworks;
			sourceTree = "<group>";
		};
/* End PBXGroup section */

/* Begin PBXNativeTarget section */
		0AABC8F11C60D89A00443E8E /* Lesson116-Firebase */ = {
			isa = PBXNativeTarget;
			buildConfigurationList = 0AABC9041C60D89A00443E8E /* Build configuration list for PBXNativeTarget "Lesson116-Firebase" */;
			buildPhases = (
				9BA2C6B396B593E9B612B93A /* Check Pods Manifest.lock */,
				0AABC8EE1C60D89A00443E8E /* Sources */,
				0AABC8EF1C60D89A00443E8E /* Frameworks */,
				0AABC8F01C60D89A00443E8E /* Resources */,
				1F0FED0509B06542AD0B1B75 /* Embed Pods Frameworks */,
				4B2C9A77117E345F6CE020DF /* Copy Pods Resources */,
			);
			buildRules = (
			);
			dependencies = (
			);
			name = "Lesson116-Firebase";
			productName = "Lesson116-Firebase";
			productReference = 0AABC8F21C60D89A00443E8E /* Lesson116-Firebase.app */;
			productType = "com.apple.product-type.application";
		};
/* End PBXNativeTarget section */

/* Begin PBXProject section */
		0AABC8EA1C60D89A00443E8E /* Project object */ = {
			isa = PBXProject;
			attributes = {
				LastSwiftUpdateCheck = 0720;
				LastUpgradeCheck = 0720;
				ORGANIZATIONNAME = k;
				TargetAttributes = {
					0AABC8F11C60D89A00443E8E = {
						CreatedOnToolsVersion = 7.2;
						DevelopmentTeam = JUQ6BV24D8;
					};
				};
			};
			buildConfigurationList = 0AABC8ED1C60D89A00443E8E /* Build configuration list for PBXProject "Lesson116-Firebase" */;
			compatibilityVersion = "Xcode 3.2";
			developmentRegion = English;
			hasScannedForEncodings = 0;
			knownRegions = (
				en,
				Base,
			);
			mainGroup = 0AABC8E91C60D89A00443E8E;
			productRefGroup = 0AABC8F31C60D89A00443E8E /* Products */;
			projectDirPath = "";
			projectRoot = "";
			targets = (
				0AABC8F11C60D89A00443E8E /* Lesson116-Firebase */,
			);
		};
/* End PBXProject section */

/* Begin PBXResourcesBuildPhase section */
		0AABC8F01C60D89A00443E8E /* Resources */ = {
			isa = PBXResourcesBuildPhase;
			buildActionMask = 2147483647;
			files = (
				0AABC90F1C60D97900443E8E /* NotoSans-Bold.ttf in Resources */,
				0AABC9001C60D89A00443E8E /* LaunchScreen.storyboard in Resources */,
				0AABC9101C60D97900443E8E /* NotoSans-BoldItalic.ttf in Resources */,
				0AABC9111C60D97900443E8E /* NotoSans-Italic.ttf in Resources */,
				0AABC8FD1C60D89A00443E8E /* Assets.xcassets in Resources */,
				0AABC8FB1C60D89A00443E8E /* Main.storyboard in Resources */,
				0AABC9121C60D97900443E8E /* NotoSans-Regular.ttf in Resources */,
			);
			runOnlyForDeploymentPostprocessing = 0;
		};
/* End PBXResourcesBuildPhase section */

/* Begin PBXShellScriptBuildPhase section */
		1F0FED0509B06542AD0B1B75 /* Embed Pods Frameworks */ = {
			isa = PBXShellScriptBuildPhase;
			buildActionMask = 2147483647;
			files = (
			);
			inputPaths = (
			);
			name = "Embed Pods Frameworks";
			outputPaths = (
			);
			runOnlyForDeploymentPostprocessing = 0;
			shellPath = /bin/sh;
			shellScript = "\"${SRCROOT}/Pods/Target Support Files/Pods-Lesson116-Firebase/Pods-Lesson116-Firebase-frameworks.sh\"\n";
			showEnvVarsInLog = 0;
		};
		4B2C9A77117E345F6CE020DF /* Copy Pods Resources */ = {
			isa = PBXShellScriptBuildPhase;
			buildActionMask = 2147483647;
			files = (
			);
			inputPaths = (
			);
			name = "Copy Pods Resources";
			outputPaths = (
			);
			runOnlyForDeploymentPostprocessing = 0;
			shellPath = /bin/sh;
			shellScript = "\"${SRCROOT}/Pods/Target Support Files/Pods-Lesson116-Firebase/Pods-Lesson116-Firebase-resources.sh\"\n";
			showEnvVarsInLog = 0;
		};
		9BA2C6B396B593E9B612B93A /* Check Pods Manifest.lock */ = {
			isa = PBXShellScriptBuildPhase;
			buildActionMask = 2147483647;
			files = (
			);
			inputPaths = (
			);
			name = "Check Pods Manifest.lock";
			outputPaths = (
			);
			runOnlyForDeploymentPostprocessing = 0;
			shellPath = /bin/sh;
			shellScript = "diff \"${PODS_ROOT}/../Podfile.lock\" \"${PODS_ROOT}/Manifest.lock\" > /dev/null\nif [[ $? != 0 ]] ; then\n    cat << EOM\nerror: The sandbox is not in sync with the Podfile.lock. Run 'pod install' or update your CocoaPods installation.\nEOM\n    exit 1\nfi\n";
			showEnvVarsInLog = 0;
		};
/* End PBXShellScriptBuildPhase section */

/* Begin PBXSourcesBuildPhase section */
		0AABC8EE1C60D89A00443E8E /* Sources */ = {
			isa = PBXSourcesBuildPhase;
			buildActionMask = 2147483647;
			files = (
				0AABC91C1C60F21C00443E8E /* MaterialTextField.swift in Sources */,
				0A917AC01C61170E0074E1AD /* DataService.swift in Sources */,
				0AABC9141C60E19D00443E8E /* MaterialView.swift in Sources */,
				0AABC8F81C60D89A00443E8E /* ViewController.swift in Sources */,
				0ACC881E1C613C2000FEBBCD /* FeedVC.swift in Sources */,
				0ACC88201C613D7F00FEBBCD /* PostCell.swift in Sources */,
				0AABC8F61C60D89A00443E8E /* AppDelegate.swift in Sources */,
				0AABC9181C60E24A00443E8E /* Constants.swift in Sources */,
				0AABC91A1C60EC7300443E8E /* MaterialButton.swift in Sources */,
			);
			runOnlyForDeploymentPostprocessing = 0;
		};
/* End PBXSourcesBuildPhase section */

/* Begin PBXVariantGroup section */
		0AABC8F91C60D89A00443E8E /* Main.storyboard */ = {
			isa = PBXVariantGroup;
			children = (
				0AABC8FA1C60D89A00443E8E /* Base */,
			);
			name = Main.storyboard;
			sourceTree = "<group>";
		};
		0AABC8FE1C60D89A00443E8E /* LaunchScreen.storyboard */ = {
			isa = PBXVariantGroup;
			children = (
				0AABC8FF1C60D89A00443E8E /* Base */,
			);
			name = LaunchScreen.storyboard;
			sourceTree = "<group>";
		};
/* End PBXVariantGroup section */

/* Begin XCBuildConfiguration section */
		0AABC9021C60D89A00443E8E /* Debug */ = {
			isa = XCBuildConfiguration;
			buildSettings = {
				ALWAYS_SEARCH_USER_PATHS = NO;
				CLANG_CXX_LANGUAGE_STANDARD = "gnu++0x";
				CLANG_CXX_LIBRARY = "libc++";
				CLANG_ENABLE_MODULES = YES;
				CLANG_ENABLE_OBJC_ARC = YES;
				CLANG_WARN_BOOL_CONVERSION = YES;
				CLANG_WARN_CONSTANT_CONVERSION = YES;
				CLANG_WARN_DIRECT_OBJC_ISA_USAGE = YES_ERROR;
				CLANG_WARN_EMPTY_BODY = YES;
				CLANG_WARN_ENUM_CONVERSION = YES;
				CLANG_WARN_INT_CONVERSION = YES;
				CLANG_WARN_OBJC_ROOT_CLASS = YES_ERROR;
				CLANG_WARN_UNREACHABLE_CODE = YES;
				CLANG_WARN__DUPLICATE_METHOD_MATCH = YES;
				"CODE_SIGN_IDENTITY[sdk=iphoneos*]" = "iPhone Developer";
				COPY_PHASE_STRIP = NO;
				DEBUG_INFORMATION_FORMAT = dwarf;
				ENABLE_STRICT_OBJC_MSGSEND = YES;
				ENABLE_TESTABILITY = YES;
				GCC_C_LANGUAGE_STANDARD = gnu99;
				GCC_DYNAMIC_NO_PIC = NO;
				GCC_NO_COMMON_BLOCKS = YES;
				GCC_OPTIMIZATION_LEVEL = 0;
				GCC_PREPROCESSOR_DEFINITIONS = (
					"DEBUG=1",
					"$(inherited)",
				);
				GCC_WARN_64_TO_32_BIT_CONVERSION = YES;
				GCC_WARN_ABOUT_RETURN_TYPE = YES_ERROR;
				GCC_WARN_UNDECLARED_SELECTOR = YES;
				GCC_WARN_UNINITIALIZED_AUTOS = YES_AGGRESSIVE;
				GCC_WARN_UNUSED_FUNCTION = YES;
				GCC_WARN_UNUSED_VARIABLE = YES;
				IPHONEOS_DEPLOYMENT_TARGET = 9.2;
				MTL_ENABLE_DEBUG_INFO = YES;
				ONLY_ACTIVE_ARCH = YES;
				SDKROOT = iphoneos;
				SWIFT_OPTIMIZATION_LEVEL = "-Onone";
				TARGETED_DEVICE_FAMILY = "1,2";
			};
			name = Debug;
		};
		0AABC9031C60D89A00443E8E /* Release */ = {
			isa = XCBuildConfiguration;
			buildSettings = {
				ALWAYS_SEARCH_USER_PATHS = NO;
				CLANG_CXX_LANGUAGE_STANDARD = "gnu++0x";
				CLANG_CXX_LIBRARY = "libc++";
				CLANG_ENABLE_MODULES = YES;
				CLANG_ENABLE_OBJC_ARC = YES;
				CLANG_WARN_BOOL_CONVERSION = YES;
				CLANG_WARN_CONSTANT_CONVERSION = YES;
				CLANG_WARN_DIRECT_OBJC_ISA_USAGE = YES_ERROR;
				CLANG_WARN_EMPTY_BODY = YES;
				CLANG_WARN_ENUM_CONVERSION = YES;
				CLANG_WARN_INT_CONVERSION = YES;
				CLANG_WARN_OBJC_ROOT_CLASS = YES_ERROR;
				CLANG_WARN_UNREACHABLE_CODE = YES;
				CLANG_WARN__DUPLICATE_METHOD_MATCH = YES;
				"CODE_SIGN_IDENTITY[sdk=iphoneos*]" = "iPhone Developer";
				COPY_PHASE_STRIP = NO;
				DEBUG_INFORMATION_FORMAT = "dwarf-with-dsym";
				ENABLE_NS_ASSERTIONS = NO;
				ENABLE_STRICT_OBJC_MSGSEND = YES;
				GCC_C_LANGUAGE_STANDARD = gnu99;
				GCC_NO_COMMON_BLOCKS = YES;
				GCC_WARN_64_TO_32_BIT_CONVERSION = YES;
				GCC_WARN_ABOUT_RETURN_TYPE = YES_ERROR;
				GCC_WARN_UNDECLARED_SELECTOR = YES;
				GCC_WARN_UNINITIALIZED_AUTOS = YES_AGGRESSIVE;
				GCC_WARN_UNUSED_FUNCTION = YES;
				GCC_WARN_UNUSED_VARIABLE = YES;
				IPHONEOS_DEPLOYMENT_TARGET = 9.2;
				MTL_ENABLE_DEBUG_INFO = NO;
				SDKROOT = iphoneos;
				TARGETED_DEVICE_FAMILY = "1,2";
				VALIDATE_PRODUCT = YES;
			};
			name = Release;
		};
		0AABC9051C60D89A00443E8E /* Debug */ = {
			isa = XCBuildConfiguration;
			baseConfigurationReference = 21B9F0EAFF28DBC9DAD1F1E0 /* Pods-Lesson116-Firebase.debug.xcconfig */;
			buildSettings = {
				ASSETCATALOG_COMPILER_APPICON_NAME = AppIcon;
				ENABLE_BITCODE = NO;
				FRAMEWORK_SEARCH_PATHS = (
					"$(inherited)",
					"$(PROJECT_DIR)/Lesson116-Firebase",
				);
				INFOPLIST_FILE = "Lesson116-Firebase/Info.plist";
				LD_RUNPATH_SEARCH_PATHS = "$(inherited) @executable_path/Frameworks";
				PRODUCT_BUNDLE_IDENTIFIER = "com.none.Lesson116-Firebase";
				PRODUCT_NAME = "$(TARGET_NAME)";
			};
			name = Debug;
		};
		0AABC9061C60D89A00443E8E /* Release */ = {
			isa = XCBuildConfiguration;
			baseConfigurationReference = 0644B1243E2DAD1C2BED92EA /* Pods-Lesson116-Firebase.release.xcconfig */;
			buildSettings = {
				ASSETCATALOG_COMPILER_APPICON_NAME = AppIcon;
				ENABLE_BITCODE = NO;
				FRAMEWORK_SEARCH_PATHS = (
					"$(inherited)",
					"$(PROJECT_DIR)/Lesson116-Firebase",
				);
				INFOPLIST_FILE = "Lesson116-Firebase/Info.plist";
				LD_RUNPATH_SEARCH_PATHS = "$(inherited) @executable_path/Frameworks";
				PRODUCT_BUNDLE_IDENTIFIER = "com.none.Lesson116-Firebase";
				PRODUCT_NAME = "$(TARGET_NAME)";
			};
			name = Release;
		};
/* End XCBuildConfiguration section */

/* Begin XCConfigurationList section */
		0AABC8ED1C60D89A00443E8E /* Build configuration list for PBXProject "Lesson116-Firebase" */ = {
			isa = XCConfigurationList;
			buildConfigurations = (
				0AABC9021C60D89A00443E8E /* Debug */,
				0AABC9031C60D89A00443E8E /* Release */,
			);
			defaultConfigurationIsVisible = 0;
			defaultConfigurationName = Release;
		};
		0AABC9041C60D89A00443E8E /* Build configuration list for PBXNativeTarget "Lesson116-Firebase" */ = {
			isa = XCConfigurationList;
			buildConfigurations = (
				0AABC9051C60D89A00443E8E /* Debug */,
				0AABC9061C60D89A00443E8E /* Release */,
			);
			defaultConfigurationIsVisible = 0;
			defaultConfigurationName = Release;
		};
/* End XCConfigurationList section */
	};
	rootObject = 0AABC8EA1C60D89A00443E8E /* Project object */;
}
